
Microsoft Visual Studio Solution File, Format Version 12.00
# Visual Studio Version 17
VisualStudioVersion = 17.11.35219.272
MinimumVisualStudioVersion = 10.0.40219.1
Project("{FAE04EC0-301F-11D3-BF4B-00C04F79EFBC}") = "EPStoredP", "EPStoredP\EPStoredP.csproj", "{BFD70DA9-A43D-41A8-804D-DFFDF85A67DD}"
EndProject
Global
	GlobalSection(SolutionConfigurationPlatforms) = preSolution
		Debug|Any CPU = Debug|Any CPU
		Release|Any CPU = Release|Any CPU
	EndGlobalSection
	GlobalSection(ProjectConfigurationPlatforms) = postSolution
		{BFD70DA9-A43D-41A8-804D-DFFDF85A67DD}.Debug|Any CPU.ActiveCfg = Debug|Any CPU
		{BFD70DA9-A43D-41A8-804D-DFFDF85A67DD}.Debug|Any CPU.Build.0 = Debug|Any CPU
		{BFD70DA9-A43D-41A8-804D-DFFDF85A67DD}.Release|Any CPU.ActiveCfg = Release|Any CPU
		{BFD70DA9-A43D-41A8-804D-DFFDF85A67DD}.Release|Any CPU.Build.0 = Release|Any CPU
	EndGlobalSection
	GlobalSection(SolutionProperties) = preSolution
		HideSolutionNode = FALSE
	EndGlobalSection
	GlobalSection(ExtensibilityGlobals) = postSolution
		SolutionGuid = {A029E564-5EC5-4847-BF4B-263EC100BDE3}
	EndGlobalSection
EndGlobal
